// !$*UTF8*$!
{
	archiveVersion = 1;
	classes = {
	};
	objectVersion = 46;
	objects = {

/* Begin PBXBuildFile section */
		33FABA7D1DC979BB00A90055 /* main.m in Sources */ = {isa = PBXBuildFile; fileRef = 33FABA7C1DC979BB00A90055 /* main.m */; };
		33FABA801DC979BB00A90055 /* AppDelegate.m in Sources */ = {isa = PBXBuildFile; fileRef = 33FABA7F1DC979BB00A90055 /* AppDelegate.m */; };
		33FABA831DC979BB00A90055 /* ViewController.m in Sources */ = {isa = PBXBuildFile; fileRef = 33FABA821DC979BB00A90055 /* ViewController.m */; };
		33FABA861DC979BB00A90055 /* Main.storyboard in Resources */ = {isa = PBXBuildFile; fileRef = 33FABA841DC979BB00A90055 /* Main.storyboard */; };
		33FABA881DC979BC00A90055 /* Assets.xcassets in Resources */ = {isa = PBXBuildFile; fileRef = 33FABA871DC979BC00A90055 /* Assets.xcassets */; };
		33FABA8B1DC979BC00A90055 /* LaunchScreen.storyboard in Resources */ = {isa = PBXBuildFile; fileRef = 33FABA891DC979BC00A90055 /* LaunchScreen.storyboard */; };
/* End PBXBuildFile section */

/* Begin PBXFileReference section */
		33FABA781DC979BB00A90055 /* SYPhotoBrowserDemo.app */ = {isa = PBXFileReference; explicitFileType = wrapper.application; includeInIndex = 0; path = SYPhotoBrowserDemo.app; sourceTree = BUILT_PRODUCTS_DIR; };
		33FABA7C1DC979BB00A90055 /* main.m */ = {isa = PBXFileReference; lastKnownFileType = sourcecode.c.objc; path = main.m; sourceTree = "<group>"; };
		33FABA7E1DC979BB00A90055 /* AppDelegate.h */ = {isa = PBXFileReference; lastKnownFileType = sourcecode.c.h; path = AppDelegate.h; sourceTree = "<group>"; };
		33FABA7F1DC979BB00A90055 /* AppDelegate.m */ = {isa = PBXFileReference; lastKnownFileType = sourcecode.c.objc; path = AppDelegate.m; sourceTree = "<group>"; };
		33FABA811DC979BB00A90055 /* ViewController.h */ = {isa = PBXFileReference; lastKnownFileType = sourcecode.c.h; path = ViewController.h; sourceTree = "<group>"; };
		33FABA821DC979BB00A90055 /* ViewController.m */ = {isa = PBXFileReference; lastKnownFileType = sourcecode.c.objc; path = ViewController.m; sourceTree = "<group>"; };
		33FABA851DC979BB00A90055 /* Base */ = {isa = PBXFileReference; lastKnownFileType = file.storyboard; name = Base; path = Base.lproj/Main.storyboard; sourceTree = "<group>"; };
		33FABA871DC979BC00A90055 /* Assets.xcassets */ = {isa = PBXFileReference; lastKnownFileType = folder.assetcatalog; path = Assets.xcassets; sourceTree = "<group>"; };
		33FABA8A1DC979BC00A90055 /* Base */ = {isa = PBXFileReference; lastKnownFileType = file.storyboard; name = Base; path = Base.lproj/LaunchScreen.storyboard; sourceTree = "<group>"; };
		33FABA8C1DC979BC00A90055 /* Info.plist */ = {isa = PBXFileReference; lastKnownFileType = text.plist.xml; path = Info.plist; sourceTree = "<group>"; };
/* End PBXFileReference section */

/* Begin PBXFrameworksBuildPhase section */
		33FABA751DC979BB00A90055 /* Frameworks */ = {
			isa = PBXFrameworksBuildPhase;
			buildActionMask = 2147483647;
			files = (
			);
			runOnlyForDeploymentPostprocessing = 0;
		};
/* End PBXFrameworksBuildPhase section */

/* Begin PBXGroup section */
		33FABA6F1DC979BB00A90055 = {
			isa = PBXGroup;
			children = (
				33FABA7A1DC979BB00A90055 /* SYPhotoBrowserDemo */,
				33FABA791DC979BB00A90055 /* Products */,
			);
			sourceTree = "<group>";
		};
		33FABA791DC979BB00A90055 /* Products */ = {
			isa = PBXGroup;
			children = (
				33FABA781DC979BB00A90055 /* SYPhotoBrowserDemo.app */,
			);
			name = Products;
			sourceTree = "<group>";
		};
		33FABA7A1DC979BB00A90055 /* SYPhotoBrowserDemo */ = {
			isa = PBXGroup;
			children = (
				33FABA7E1DC979BB00A90055 /* AppDelegate.h */,
				33FABA7F1DC979BB00A90055 /* AppDelegate.m */,
				33FABA811DC979BB00A90055 /* ViewController.h */,
				33FABA821DC979BB00A90055 /* ViewController.m */,
				33FABA841DC979BB00A90055 /* Main.storyboard */,
				33FABA871DC979BC00A90055 /* Assets.xcassets */,
				33FABA891DC979BC00A90055 /* LaunchScreen.storyboard */,
				33FABA8C1DC979BC00A90055 /* Info.plist */,
				33FABA7B1DC979BB00A90055 /* Supporting Files */,
			);
			path = SYPhotoBrowserDemo;
			sourceTree = "<group>";
		};
		33FABA7B1DC979BB00A90055 /* Supporting Files */ = {
			isa = PBXGroup;
			children = (
				33FABA7C1DC979BB00A90055 /* main.m */,
			);
			name = "Supporting Files";
			sourceTree = "<group>";
		};
/* End PBXGroup section */

/* Begin PBXNativeTarget section */
		33FABA771DC979BB00A90055 /* SYPhotoBrowserDemo */ = {
			isa = PBXNativeTarget;
			buildConfigurationList = 33FABA8F1DC979BC00A90055 /* Build configuration list for PBXNativeTarget "SYPhotoBrowserDemo" */;
			buildPhases = (
				33FABA741DC979BB00A90055 /* Sources */,
				33FABA751DC979BB00A90055 /* Frameworks */,
				33FABA761DC979BB00A90055 /* Resources */,
			);
			buildRules = (
			);
			dependencies = (
			);
			name = SYPhotoBrowserDemo;
			productName = SYPhotoBrowserDemo;
			productReference = 33FABA781DC979BB00A90055 /* SYPhotoBrowserDemo.app */;
			productType = "com.apple.product-type.application";
		};
/* End PBXNativeTarget section */

/* Begin PBXProject section */
		33FABA701DC979BB00A90055 /* Project object */ = {
			isa = PBXProject;
			attributes = {
				LastUpgradeCheck = 0810;
				ORGANIZATIONNAME = "孙扬";
				TargetAttributes = {
					33FABA771DC979BB00A90055 = {
						CreatedOnToolsVersion = 8.1;
						DevelopmentTeam = 552B69TXM9;
						ProvisioningStyle = Automatic;
					};
				};
			};
			buildConfigurationList = 33FABA731DC979BB00A90055 /* Build configuration list for PBXProject "SYPhotoBrowserDemo" */;
			compatibilityVersion = "Xcode 3.2";
			developmentRegion = English;
			hasScannedForEncodings = 0;
			knownRegions = (
				en,
				Base,
			);
			mainGroup = 33FABA6F1DC979BB00A90055;
			productRefGroup = 33FABA791DC979BB00A90055 /* Products */;
			projectDirPath = "";
			projectRoot = "";
			targets = (
				33FABA771DC979BB00A90055 /* SYPhotoBrowserDemo */,
			);
		};
/* End PBXProject section */

/* Begin PBXResourcesBuildPhase section */
		33FABA761DC979BB00A90055 /* Resources */ = {
			isa = PBXResourcesBuildPhase;
			buildActionMask = 2147483647;
			files = (
				33FABA8B1DC979BC00A90055 /* LaunchScreen.storyboard in Resources */,
				33FABA881DC979BC00A90055 /* Assets.xcassets in Resources */,
				33FABA861DC979BB00A90055 /* Main.storyboard in Resources */,
			);
			runOnlyForDeploymentPostprocessing = 0;
		};
/* End PBXResourcesBuildPhase section */

/* Begin PBXSourcesBuildPhase section */
		33FABA741DC979BB00A90055 /* Sources */ = {
			isa = PBXSourcesBuildPhase;
			buildActionMask = 2147483647;
			files = (
				33FABA831DC979BB00A90055 /* ViewController.m in Sources */,
				33FABA801DC979BB00A90055 /* AppDelegate.m in Sources */,
				33FABA7D1DC979BB00A90055 /* main.m in Sources */,
			);
			runOnlyForDeploymentPostprocessing = 0;
		};
/* End PBXSourcesBuildPhase section */

/* Begin PBXVariantGroup section */
		33FABA841DC979BB00A90055 /* Main.storyboard */ = {
			isa = PBXVariantGroup;
			children = (
				33FABA851DC979BB00A90055 /* Base */,
			);
			name = Main.storyboard;
			sourceTree = "<group>";
		};
		33FABA891DC979BC00A90055 /* LaunchScreen.storyboard */ = {
			isa = PBXVariantGroup;
			children = (
				33FABA8A1DC979BC00A90055 /* Base */,
			);
			name = LaunchScreen.storyboard;
			sourceTree = "<group>";
		};
/* End PBXVariantGroup section */

/* Begin XCBuildConfiguration section */
		33FABA8D1DC979BC00A90055 /* Debug */ = {
			isa = XCBuildConfiguration;
			buildSettings = {
				ALWAYS_SEARCH_USER_PATHS = NO;
				CLANG_ANALYZER_NONNULL = YES;
				CLANG_CXX_LANGUAGE_STANDARD = "gnu++0x";
				CLANG_CXX_LIBRARY = "libc++";
				CLANG_ENABLE_MODULES = YES;
				CLANG_ENABLE_OBJC_ARC = YES;
				CLANG_WARN_BOOL_CONVERSION = YES;
				CLANG_WARN_CONSTANT_CONVERSION = YES;
				CLANG_WARN_DIRECT_OBJC_ISA_USAGE = YES_ERROR;
				CLANG_WARN_DOCUMENTATION_COMMENTS = YES;
				CLANG_WARN_EMPTY_BODY = YES;
				CLANG_WARN_ENUM_CONVERSION = YES;
				CLANG_WARN_INFINITE_RECURSION = YES;
				CLANG_WARN_INT_CONVERSION = YES;
				CLANG_WARN_OBJC_ROOT_CLASS = YES_ERROR;
				CLANG_WARN_SUSPICIOUS_MOVES = YES;
				CLANG_WARN_UNREACHABLE_CODE = YES;
				CLANG_WARN__DUPLICATE_METHOD_MATCH = YES;
				"CODE_SIGN_IDENTITY[sdk=iphoneos*]" = "iPhone Developer";
				COPY_PHASE_STRIP = NO;
				DEBUG_INFORMATION_FORMAT = dwarf;
				ENABLE_STRICT_OBJC_MSGSEND = YES;
				ENABLE_TESTABILITY = YES;
				GCC_C_LANGUAGE_STANDARD = gnu99;
				GCC_DYNAMIC_NO_PIC = NO;
				GCC_NO_COMMON_BLOCKS = YES;
				GCC_OPTIMIZATION_LEVEL = 0;
				GCC_PREPROCESSOR_DEFINITIONS = (
					"DEBUG=1",
					"$(inherited)",
				);
				GCC_WARN_64_TO_32_BIT_CONVERSION = YES;
				GCC_WARN_ABOUT_RETURN_TYPE = YES_ERROR;
				GCC_WARN_UNDECLARED_SELECTOR = YES;
				GCC_WARN_UNINITIALIZED_AUTOS = YES_AGGRESSIVE;
				GCC_WARN_UNUSED_FUNCTION = YES;
				GCC_WARN_UNUSED_VARIABLE = YES;
				IPHONEOS_DEPLOYMENT_TARGET = 10.1;
				MTL_ENABLE_DEBUG_INFO = YES;
				ONLY_ACTIVE_ARCH = YES;
				SDKROOT = iphoneos;
			};
			name = Debug;
		};
		33FABA8E1DC979BC00A90055 /* Release */ = {
			isa = XCBuildConfiguration;
			buildSettings = {
				ALWAYS_SEARCH_USER_PATHS = NO;
				CLANG_ANALYZER_NONNULL = YES;
				CLANG_CXX_LANGUAGE_STANDARD = "gnu++0x";
				CLANG_CXX_LIBRARY = "libc++";
				CLANG_ENABLE_MODULES = YES;
				CLANG_ENABLE_OBJC_ARC = YES;
				CLANG_WARN_BOOL_CONVERSION = YES;
				CLANG_WARN_CONSTANT_CONVERSION = YES;
				CLANG_WARN_DIRECT_OBJC_ISA_USAGE = YES_ERROR;
				CLANG_WARN_DOCUMENTATION_COMMENTS = YES;
				CLANG_WARN_EMPTY_BODY = YES;
				CLANG_WARN_ENUM_CONVERSION = YES;
				CLANG_WARN_INFINITE_RECURSION = YES;
				CLANG_WARN_INT_CONVERSION = YES;
				CLANG_WARN_OBJC_ROOT_CLASS = YES_ERROR;
				CLANG_WARN_SUSPICIOUS_MOVES = YES;
				CLANG_WARN_UNREACHABLE_CODE = YES;
				CLANG_WARN__DUPLICATE_METHOD_MATCH = YES;
				"CODE_SIGN_IDENTITY[sdk=iphoneos*]" = "iPhone Developer";
				COPY_PHASE_STRIP = NO;
				DEBUG_INFORMATION_FORMAT = "dwarf-with-dsym";
				ENABLE_NS_ASSERTIONS = NO;
				ENABLE_STRICT_OBJC_MSGSEND = YES;
				GCC_C_LANGUAGE_STANDARD = gnu99;
				GCC_NO_COMMON_BLOCKS = YES;
				GCC_WARN_64_TO_32_BIT_CONVERSION = YES;
				GCC_WARN_ABOUT_RETURN_TYPE = YES_ERROR;
				GCC_WARN_UNDECLARED_SELECTOR = YES;
				GCC_WARN_UNINITIALIZED_AUTOS = YES_AGGRESSIVE;
				GCC_WARN_UNUSED_FUNCTION = YES;
				GCC_WARN_UNUSED_VARIABLE = YES;
				IPHONEOS_DEPLOYMENT_TARGET = 10.1;
				MTL_ENABLE_DEBUG_INFO = NO;
				SDKROOT = iphoneos;
				VALIDATE_PRODUCT = YES;
			};
			name = Release;
		};
		33FABA901DC979BC00A90055 /* Debug */ = {
			isa = XCBuildConfiguration;
			buildSettings = {
				ASSETCATALOG_COMPILER_APPICON_NAME = AppIcon;
				DEVELOPMENT_TEAM = 552B69TXM9;
				INFOPLIST_FILE = SYPhotoBrowserDemo/Info.plist;
				LD_RUNPATH_SEARCH_PATHS = "$(inherited) @executable_path/Frameworks";
				PRODUCT_BUNDLE_IDENTIFIER = app.SYPhotoBrowserDemo;
				PRODUCT_NAME = "$(TARGET_NAME)";
			};
			name = Debug;
		};
		33FABA911DC979BC00A90055 /* Release */ = {
			isa = XCBuildConfiguration;
			buildSettings = {
				ASSETCATALOG_COMPILER_APPICON_NAME = AppIcon;
				DEVELOPMENT_TEAM = 552B69TXM9;
				INFOPLIST_FILE = SYPhotoBrowserDemo/Info.plist;
				LD_RUNPATH_SEARCH_PATHS = "$(inherited) @executable_path/Frameworks";
				PRODUCT_BUNDLE_IDENTIFIER = app.SYPhotoBrowserDemo;
				PRODUCT_NAME = "$(TARGET_NAME)";
			};
			name = Release;
		};
/* End XCBuildConfiguration section */

/* Begin XCConfigurationList section */
		33FABA731DC979BB00A90055 /* Build configuration list for PBXProject "SYPhotoBrowserDemo" */ = {
			isa = XCConfigurationList;
			buildConfigurations = (
				33FABA8D1DC979BC00A90055 /* Debug */,
				33FABA8E1DC979BC00A90055 /* Release */,
			);
			defaultConfigurationIsVisible = 0;
			defaultConfigurationName = Release;
		};
		33FABA8F1DC979BC00A90055 /* Build configuration list for PBXNativeTarget "SYPhotoBrowserDemo" */ = {
			isa = XCConfigurationList;
			buildConfigurations = (
				33FABA901DC979BC00A90055 /* Debug */,
				33FABA911DC979BC00A90055 /* Release */,
			);
			defaultConfigurationIsVisible = 0;
		};
/* End XCConfigurationList section */
	};
	rootObject = 33FABA701DC979BB00A90055 /* Project object */;
}
